lockfileVersion: '9.0'

settings:
  autoInstallPeers: true
  excludeLinksFromLockfile: false

importers:

  .:
    dependencies:
      react:
        specifier: 19.0.0
        version: 19.0.0
      react-dom:
        specifier: 19.0.0
        version: 19.0.0(react@19.0.0)
      react-router-dom:
        specifier: 6.29.0
        version: 6.29.0(react-dom@19.0.0(react@19.0.0))(react@19.0.0)

packages:

  '@remix-run/router@1.22.0':
    resolution: {integrity: sha512-MBOl8MeOzpK0HQQQshKB7pABXbmyHizdTpqnrIseTbsv0nAepwC2ENZa1aaBExNQcpLoXmWthhak8SABLzvGPw==}
    engines: {node: '>=14.0.0'}

  react-dom@19.0.0:
    resolution: {integrity: sha512-4GV5sHFG0e/0AD4X+ySy6UJd3jVl1iNsNHdpad0qhABJ11twS3TTBnseqsKurKcsNqCEFeGL3uLpVChpIO3QfQ==}
    peerDependencies:
      react: ^19.0.0

  react-router-dom@6.29.0:
    resolution: {integrity: sha512-pkEbJPATRJ2iotK+wUwHfy0xs2T59YPEN8BQxVCPeBZvK7kfPESRc/nyxzdcxR17hXgUPYx2whMwl+eo9cUdnQ==}
    engines: {node: '>=14.0.0'}
    peerDependencies:
      react: '>=16.8'
      react-dom: '>=16.8'

  react-router@6.29.0:
    resolution: {integrity: sha512-DXZJoE0q+KyeVw75Ck6GkPxFak63C4fGqZGNijnWgzB/HzSP1ZfTlBj5COaGWwhrMQ/R8bXiq5Ooy4KG+ReyjQ==}
    engines: {node: '>=14.0.0'}
    peerDependencies:
      react: '>=16.8'

  react@19.0.0:
    resolution: {integrity: sha512-V8AVnmPIICiWpGfm6GLzCR/W5FXLchHop40W4nXBmdlEceh16rCN8O8LNWm5bh5XUX91fh7KpA+W0TgMKmgTpQ==}
    engines: {node: '>=0.10.0'}

  scheduler@0.25.0:
    resolution: {integrity: sha512-xFVuu11jh+xcO7JOAGJNOXld8/TcEHK/4CituBUeUb5hqxJLj9YuemAEuvm9gQ/+pgXYfbQuqAkiYu+u7YEsNA==}

snapshots:

  '@remix-run/router@1.22.0': {}

  react-dom@19.0.0(react@19.0.0):
    dependencies:
      react: 19.0.0
      scheduler: 0.25.0

  react-router-dom@6.29.0(react-dom@19.0.0(react@19.0.0))(react@19.0.0):
    dependencies:
      '@remix-run/router': 1.22.0
      react: 19.0.0
      react-dom: 19.0.0(react@19.0.0)
      react-router: 6.29.0(react@19.0.0)

  react-router@6.29.0(react@19.0.0):
    dependencies:
      '@remix-run/router': 1.22.0
      react: 19.0.0

  react@19.0.0: {}

  scheduler@0.25.0: {}
